// !$*UTF8*$!
{
	archiveVersion = 1;
	classes = {
	};
	objectVersion = 110;
	objects = {

/* Begin PBXContainerItemProxy section */
		5B224011305EA73B00909934 /* PBXContainerItemProxy */ = {
			isa = PBXContainerItemProxy;
			containerPortal = 5B223FFB305EA73A00909934 /* Project object */;
			proxyType = 1;
			remoteGlobalIDString = 5B224002305EA73A00909934;
			remoteInfo = iPhoneDuoLab;
		};
		5B22401B305EA73B00909934 /* PBXContainerItemProxy */ = {
			isa = PBXContainerItemProxy;
			containerPortal = 5B223FFB305EA73A00909934 /* Project object */;
			proxyType = 1;
			remoteGlobalIDString = 5B224002305EA73A00909934;
			remoteInfo = iPhoneDuoLab;
		};
/* End PBXContainerItemProxy section */

/* Begin PBXFileReference section */
		5B224003305EA73A00909934 /* iPhoneDuoLab.app */ = {isa = PBXFileReference; explicitFileType = wrapper.application; includeInIndex = 0; path = iPhoneDuoLab.app; sourceTree = BUILT_PRODUCTS_DIR; };
		5B224010305EA73B00909934 /* iPhoneDuoLabTests.xctest */ = {isa = PBXFileReference; explicitFileType = wrapper.cfbundle; includeInIndex = 0; path = iPhoneDuoLabTests.xctest; sourceTree = BUILT_PRODUCTS_DIR; };
		5B22401A305EA73B00909934 /* iPhoneDuoLabUITests.xctest */ = {isa = PBXFileReference; explicitFileType = wrapper.cfbundle; includeInIndex = 0; path = iPhoneDuoLabUITests.xctest; sourceTree = BUILT_PRODUCTS_DIR; };
/* End PBXFileReference section */

/* Begin PBXFileSystemSynchronizedRootGroup section */
		5B224005305EA73A00909934 /* iPhoneDuoLab */ = {
			isa = PBXFileSystemSynchronizedRootGroup;
			path = iPhoneDuoLab;
			sourceTree = "<group>";
		};
		5B224013305EA73B00909934 /* iPhoneDuoLabTests */ = {
			isa = PBXFileSystemSynchronizedRootGroup;
			path = iPhoneDuoLabTests;
			sourceTree = "<group>";
		};
		5B22401D305EA73B00909934 /* iPhoneDuoLabUITests */ = {
			isa = PBXFileSystemSynchronizedRootGroup;
			path = iPhoneDuoLabUITests;
			sourceTree = "<group>";
		};
/* End PBXFileSystemSynchronizedRootGroup section */

/* Begin PBXFrameworksBuildPhase section */
		5B224000305EA73A00909934 /* Frameworks */ = {
			isa = PBXFrameworksBuildPhase;
			files = (
			);
		};
		5B22400D305EA73B00909934 /* Frameworks */ = {
			isa = PBXFrameworksBuildPhase;
			files = (
			);
		};
		5B224017305EA73B00909934 /* Frameworks */ = {
			isa = PBXFrameworksBuildPhase;
			files = (
			);
		};
/* End PBXFrameworksBuildPhase section */

/* Begin PBXGroup section */
		5B223FFA305EA73A00909934 = {
			isa = PBXGroup;
			children = (
				5B224005305EA73A00909934 /* iPhoneDuoLab */,
				5B224013305EA73B00909934 /* iPhoneDuoLabTests */,
				5B22401D305EA73B00909934 /* iPhoneDuoLabUITests */,
				5B224004305EA73A00909934 /* Products */,
			);
			sourceTree = "<group>";
		};
		5B224004305EA73A00909934 /* Products */ = {
			isa = PBXGroup;
			children = (
				5B224003305EA73A00909934 /* iPhoneDuoLab.app */,
				5B224010305EA73B00909934 /* iPhoneDuoLabTests.xctest */,
				5B22401A305EA73B00909934 /* iPhoneDuoLabUITests.xctest */,
			);
			name = Products;
			sourceTree = "<group>";
		};
/* End PBXGroup section */

/* Begin PBXNativeTarget section */
		5B224002305EA73A00909934 /* iPhoneDuoLab */ = {
			isa = PBXNativeTarget;
			buildConfigurationList = 5B224022305EA73B00909934 /* Build configuration list for PBXNativeTarget "iPhoneDuoLab" */;
			buildPhases = (
				5B223FFF305EA73A00909934 /* Sources */,
				5B224000305EA73A00909934 /* Frameworks */,
				5B224001305EA73A00909934 /* Resources */,
			);
			buildRules = (
			);
			fileSystemSynchronizedGroups = (
				5B224005305EA73A00909934 /* iPhoneDuoLab */,
			);
			name = iPhoneDuoLab;
			productName = iPhoneDuoLab;
			productReference = 5B224003305EA73A00909934 /* iPhoneDuoLab.app */;
			productType = "com.apple.product-type.application";
		};
		5B22400F305EA73B00909934 /* iPhoneDuoLabTests */ = {
			isa = PBXNativeTarget;
			buildConfigurationList = 5B224025305EA73B00909934 /* Build configuration list for PBXNativeTarget "iPhoneDuoLabTests" */;
			buildPhases = (
				5B22400C305EA73B00909934 /* Sources */,
				5B22400D305EA73B00909934 /* Frameworks */,
				5B22400E305EA73B00909934 /* Resources */,
			);
			buildRules = (
			);
			dependencies = (
				5B224012305EA73B00909934 /* PBXTargetDependency */,
			);
			fileSystemSynchronizedGroups = (
				5B224013305EA73B00909934 /* iPhoneDuoLabTests */,
			);
			name = iPhoneDuoLabTests;
			productName = iPhoneDuoLabTests;
			productReference = 5B224010305EA73B00909934 /* iPhoneDuoLabTests.xctest */;
			productType = "com.apple.product-type.bundle.unit-test";
		};
		5B224019305EA73B00909934 /* iPhoneDuoLabUITests */ = {
			isa = PBXNativeTarget;
			buildConfigurationList = 5B224028305EA73B00909934 /* Build configuration list for PBXNativeTarget "iPhoneDuoLabUITests" */;
			buildPhases = (
				5B224016305EA73B00909934 /* Sources */,
				5B224017305EA73B00909934 /* Frameworks */,
				5B224018305EA73B00909934 /* Resources */,
			);
			buildRules = (
			);
			dependencies = (
				5B22401C305EA73B00909934 /* PBXTargetDependency */,
			);
			fileSystemSynchronizedGroups = (
				5B22401D305EA73B00909934 /* iPhoneDuoLabUITests */,
			);
			name = iPhoneDuoLabUITests;
			productName = iPhoneDuoLabUITests;
			productReference = 5B22401A305EA73B00909934 /* iPhoneDuoLabUITests.xctest */;
			productType = "com.apple.product-type.bundle.ui-testing";
		};
/* End PBXNativeTarget section */

/* Begin PBXProject section */
		5B223FFB305EA73A00909934 /* Project object */ = {
			isa = PBXProject;
			attributes = {
				BuildIndependentTargetsInParallel = 1;
				LastSwiftUpdateCheck = 2700;
				LastUpgradeCheck = 2700;
				TargetAttributes = {
					5B224002305EA73A00909934 = {
						CreatedOnToolsVersion = 27.0;
					};
					5B22400F305EA73B00909934 = {
						CreatedOnToolsVersion = 27.0;
						TestTargetID = 5B224002305EA73A00909934;
					};
					5B224019305EA73B00909934 = {
						CreatedOnToolsVersion = 27.0;
						TestTargetID = 5B224002305EA73A00909934;
					};
				};
			};
			buildConfigurationList = 5B223FFE305EA73A00909934 /* Build configuration list for PBXProject "iPhoneDuoLab" */;
			developmentRegion = en;
			hasScannedForEncodings = 0;
			knownRegions = (
				en,
				Base,
			);
			mainGroup = 5B223FFA305EA73A00909934;
			minimizedProjectReferenceProxies = 1;
			preferredProjectObjectVersion = 77;
			productRefGroup = 5B224004305EA73A00909934 /* Products */;
			projectDirPath = "";
			projectRoot = "";
			targets = (
				5B224002305EA73A00909934 /* iPhoneDuoLab */,
				5B22400F305EA73B00909934 /* iPhoneDuoLabTests */,
				5B224019305EA73B00909934 /* iPhoneDuoLabUITests */,
			);
		};
/* End PBXProject section */

/* Begin PBXResourcesBuildPhase section */
		5B224001305EA73A00909934 /* Resources */ = {
			isa = PBXResourcesBuildPhase;
			files = (
			);
		};
		5B22400E305EA73B00909934 /* Resources */ = {
			isa = PBXResourcesBuildPhase;
			files = (
			);
		};
		5B224018305EA73B00909934 /* Resources */ = {
			isa = PBXResourcesBuildPhase;
			files = (
			);
		};
/* End PBXResourcesBuildPhase section */

/* Begin PBXSourcesBuildPhase section */
		5B223FFF305EA73A00909934 /* Sources */ = {
			isa = PBXSourcesBuildPhase;
			files = (
			);
		};
		5B22400C305EA73B00909934 /* Sources */ = {
			isa = PBXSourcesBuildPhase;
			files = (
			);
		};
		5B224016305EA73B00909934 /* Sources */ = {
			isa = PBXSourcesBuildPhase;
			files = (
			);
		};
/* End PBXSourcesBuildPhase section */

/* Begin PBXTargetDependency section */
		5B224012305EA73B00909934 /* PBXTargetDependency */ = {
			isa = PBXTargetDependency;
			target = 5B224002305EA73A00909934 /* iPhoneDuoLab */;
			targetProxy = 5B224011305EA73B00909934 /* PBXContainerItemProxy */;
		};
		5B22401C305EA73B00909934 /* PBXTargetDependency */ = {
			isa = PBXTargetDependency;
			target = 5B224002305EA73A00909934 /* iPhoneDuoLab */;
			targetProxy = 5B22401B305EA73B00909934 /* PBXContainerItemProxy */;
		};
/* End PBXTargetDependency section */

/* Begin XCBuildConfiguration section */
		5B224020305EA73B00909934 /* Debug configuration for PBXProject "iPhoneDuoLab" */ = {
			isa = XCBuildConfiguration;
			buildSettings = {
				ALWAYS_SEARCH_USER_PATHS = NO;
				ASSETCATALOG_COMPILER_GENERATE_SWIFT_ASSET_SYMBOL_EXTENSIONS = YES;
				CLANG_ANALYZER_NONNULL = YES;
				CLANG_ANALYZER_NUMBER_OBJECT_CONVERSION = YES_AGGRESSIVE;
				CLANG_CXX_LANGUAGE_STANDARD = "gnu++20";
				CLANG_ENABLE_MODULES = YES;
				CLANG_ENABLE_OBJC_ARC = YES;
				CLANG_ENABLE_OBJC_WEAK = YES;
				CLANG_WARN_BLOCK_CAPTURE_AUTORELEASING = YES;
				CLANG_WARN_BOOL_CONVERSION = YES;
				CLANG_WARN_COMMA = YES;
				CLANG_WARN_CONSTANT_CONVERSION = YES;
				CLANG_WARN_DEPRECATED_OBJC_IMPLEMENTATIONS = YES;
				CLANG_WARN_DIRECT_OBJC_ISA_USAGE = YES_ERROR;
				CLANG_WARN_DOCUMENTATION_COMMENTS = YES;
				CLANG_WARN_EMPTY_BODY = YES;
				CLANG_WARN_ENUM_CONVERSION = YES;
				CLANG_WARN_INFINITE_RECURSION = YES;
				CLANG_WARN_INT_CONVERSION = YES;
				CLANG_WARN_NON_LITERAL_NULL_CONVERSION = YES;
				CLANG_WARN_OBJC_IMPLICIT_RETAIN_SELF = YES;
				CLANG_WARN_OBJC_LITERAL_CONVERSION = YES;
				CLANG_WARN_OBJC_ROOT_CLASS = YES_ERROR;
				CLANG_WARN_QUOTED_INCLUDE_IN_FRAMEWORK_HEADER = YES;
				CLANG_WARN_RANGE_LOOP_ANALYSIS = YES;
				CLANG_WARN_STRICT_PROTOTYPES = YES;
				CLANG_WARN_SUSPICIOUS_MOVE = YES;
				CLANG_WARN_UNGUARDED_AVAILABILITY = YES_AGGRESSIVE;
				CLANG_WARN_UNREACHABLE_CODE = YES;
				CLANG_WARN__DUPLICATE_METHOD_MATCH = YES;
				COPY_PHASE_STRIP = NO;
				DEBUG_INFORMATION_FORMAT = dwarf;
				ENABLE_STRICT_OBJC_MSGSEND = YES;
				ENABLE_TESTABILITY = YES;
				ENABLE_USER_SCRIPT_SANDBOXING = YES;
				GCC_C_LANGUAGE_STANDARD = gnu17;
				GCC_DYNAMIC_NO_PIC = NO;
				GCC_NO_COMMON_BLOCKS = YES;
				GCC_OPTIMIZATION_LEVEL = 0;
				GCC_PREPROCESSOR_DEFINITIONS = (
					"DEBUG=1",
					"$(inherited)",
				);
				GCC_WARN_64_TO_32_BIT_CONVERSION = YES;
				GCC_WARN_ABOUT_RETURN_TYPE = YES_ERROR;
				GCC_WARN_UNDECLARED_SELECTOR = YES;
				GCC_WARN_UNINITIALIZED_AUTOS = YES_AGGRESSIVE;
				GCC_WARN_UNUSED_FUNCTION = YES;
				GCC_WARN_UNUSED_VARIABLE = YES;
				LOCALIZATION_PREFERS_STRING_CATALOGS = YES;
				MTL_ENABLE_DEBUG_INFO = INCLUDE_SOURCE;
				MTL_FAST_MATH = YES;
				ONLY_ACTIVE_ARCH = YES;
				SWIFT_ACTIVE_COMPILATION_CONDITIONS = "DEBUG $(inherited)";
				SWIFT_OPTIMIZATION_LEVEL = "-Onone";
			};
			name = Debug;
		};
		5B224021305EA73B00909934 /* Release configuration for PBXProject "iPhoneDuoLab" */ = {
			isa = XCBuildConfiguration;
			buildSettings = {
				ALWAYS_SEARCH_USER_PATHS = NO;
				ASSETCATALOG_COMPILER_GENERATE_SWIFT_ASSET_SYMBOL_EXTENSIONS = YES;
				CLANG_ANALYZER_NONNULL = YES;
				CLANG_ANALYZER_NUMBER_OBJECT_CONVERSION = YES_AGGRESSIVE;
				CLANG_CXX_LANGUAGE_STANDARD = "gnu++20";
				CLANG_ENABLE_MODULES = YES;
				CLANG_ENABLE_OBJC_ARC = YES;
				CLANG_ENABLE_OBJC_WEAK = YES;
				CLANG_WARN_BLOCK_CAPTURE_AUTORELEASING = YES;
				CLANG_WARN_BOOL_CONVERSION = YES;
				CLANG_WARN_COMMA = YES;
				CLANG_WARN_CONSTANT_CONVERSION = YES;
				CLANG_WARN_DEPRECATED_OBJC_IMPLEMENTATIONS = YES;
				CLANG_WARN_DIRECT_OBJC_ISA_USAGE = YES_ERROR;
				CLANG_WARN_DOCUMENTATION_COMMENTS = YES;
				CLANG_WARN_EMPTY_BODY = YES;
				CLANG_WARN_ENUM_CONVERSION = YES;
				CLANG_WARN_INFINITE_RECURSION = YES;
				CLANG_WARN_INT_CONVERSION = YES;
				CLANG_WARN_NON_LITERAL_NULL_CONVERSION = YES;
				CLANG_WARN_OBJC_IMPLICIT_RETAIN_SELF = YES;
				CLANG_WARN_OBJC_LITERAL_CONVERSION = YES;
				CLANG_WARN_OBJC_ROOT_CLASS = YES_ERROR;
				CLANG_WARN_QUOTED_INCLUDE_IN_FRAMEWORK_HEADER = YES;
				CLANG_WARN_RANGE_LOOP_ANALYSIS = YES;
				CLANG_WARN_STRICT_PROTOTYPES = YES;
				CLANG_WARN_SUSPICIOUS_MOVE = YES;
				CLANG_WARN_UNGUARDED_AVAILABILITY = YES_AGGRESSIVE;
				CLANG_WARN_UNREACHABLE_CODE = YES;
				CLANG_WARN__DUPLICATE_METHOD_MATCH = YES;
				COPY_PHASE_STRIP = NO;
				DEBUG_INFORMATION_FORMAT = "dwarf-with-dsym";
				ENABLE_NS_ASSERTIONS = NO;
				ENABLE_STRICT_OBJC_MSGSEND = YES;
				ENABLE_USER_SCRIPT_SANDBOXING = YES;
				GCC_C_LANGUAGE_STANDARD = gnu17;
				GCC_NO_COMMON_BLOCKS = YES;
				GCC_WARN_64_TO_32_BIT_CONVERSION = YES;
				GCC_WARN_ABOUT_RETURN_TYPE = YES_ERROR;
				GCC_WARN_UNDECLARED_SELECTOR = YES;
				GCC_WARN_UNINITIALIZED_AUTOS = YES_AGGRESSIVE;
				GCC_WARN_UNUSED_FUNCTION = YES;
				GCC_WARN_UNUSED_VARIABLE = YES;
				LOCALIZATION_PREFERS_STRING_CATALOGS = YES;
				MTL_ENABLE_DEBUG_INFO = NO;
				MTL_FAST_MATH = YES;
				SWIFT_COMPILATION_MODE = wholemodule;
			};
			name = Release;
		};
		5B224023305EA73B00909934 /* Debug configuration for PBXNativeTarget "iPhoneDuoLab" */ = {
			isa = XCBuildConfiguration;
			buildSettings = {
				ASSETCATALOG_COMPILER_APPICON_NAME = AppIcon;
				ASSETCATALOG_COMPILER_GLOBAL_ACCENT_COLOR_NAME = AccentColor;
				CODE_SIGN_STYLE = Automatic;
				CURRENT_PROJECT_VERSION = 1;
				ENABLE_APP_SANDBOX = YES;
				ENABLE_PREVIEWS = YES;
				ENABLE_USER_SELECTED_FILES = readonly;
				GENERATE_INFOPLIST_FILE = YES;
				"INFOPLIST_KEY_UIApplicationSceneManifest_Generation[sdk=iphoneos*]" = YES;
				"INFOPLIST_KEY_UIApplicationSceneManifest_Generation[sdk=iphonesimulator*]" = YES;
				"INFOPLIST_KEY_UIApplicationSupportsIndirectInputEvents[sdk=iphoneos*]" = YES;
				"INFOPLIST_KEY_UIApplicationSupportsIndirectInputEvents[sdk=iphonesimulator*]" = YES;
				"INFOPLIST_KEY_UILaunchScreen_Generation[sdk=iphoneos*]" = YES;
				"INFOPLIST_KEY_UILaunchScreen_Generation[sdk=iphonesimulator*]" = YES;
				INFOPLIST_KEY_NSCameraUsageDescription = "Duo の内側カメラの領域を検証するために使います";
				"INFOPLIST_KEY_UIStatusBarStyle[sdk=iphoneos*]" = UIStatusBarStyleDefault;
				"INFOPLIST_KEY_UIStatusBarStyle[sdk=iphonesimulator*]" = UIStatusBarStyleDefault;
				INFOPLIST_KEY_UISupportedInterfaceOrientations_iPad = "UIInterfaceOrientationPortrait UIInterfaceOrientationPortraitUpsideDown UIInterfaceOrientationLandscapeLeft UIInterfaceOrientationLandscapeRight";
				INFOPLIST_KEY_UISupportedInterfaceOrientations_iPhone = "UIInterfaceOrientationPortrait UIInterfaceOrientationLandscapeLeft UIInterfaceOrientationLandscapeRight";
				IPHONEOS_DEPLOYMENT_TARGET = 27.1;
				LD_RUNPATH_SEARCH_PATHS = "@executable_path/Frameworks";
				"LD_RUNPATH_SEARCH_PATHS[sdk=macosx*]" = "@executable_path/../Frameworks";
				MACOSX_DEPLOYMENT_TARGET = 26.7;
				MARKETING_VERSION = 1.0;
				PRODUCT_BUNDLE_IDENTIFIER = com.kusumotoa.iPhoneDuoLab;
				PRODUCT_NAME = "$(TARGET_NAME)";
				REGISTER_APP_GROUPS = YES;
				SDKROOT = auto;
				STRING_CATALOG_GENERATE_SYMBOLS = YES;
				SUPPORTED_PLATFORMS = "iphoneos iphonesimulator";
				SWIFT_APPROACHABLE_CONCURRENCY = YES;
				SWIFT_DEFAULT_ACTOR_ISOLATION = MainActor;
				SWIFT_EMIT_LOC_STRINGS = YES;
				SWIFT_UPCOMING_FEATURE_MEMBER_IMPORT_VISIBILITY = YES;
				SWIFT_VERSION = 5.0;
				TARGETED_DEVICE_FAMILY = "1,2,7";
				XROS_DEPLOYMENT_TARGET = 27.0;
			};
			name = Debug;
		};
		5B224024305EA73B00909934 /* Release configuration for PBXNativeTarget "iPhoneDuoLab" */ = {
			isa = XCBuildConfiguration;
			buildSettings = {
				ASSETCATALOG_COMPILER_APPICON_NAME = AppIcon;
				ASSETCATALOG_COMPILER_GLOBAL_ACCENT_COLOR_NAME = AccentColor;
				CODE_SIGN_STYLE = Automatic;
				CURRENT_PROJECT_VERSION = 1;
				ENABLE_APP_SANDBOX = YES;
				ENABLE_PREVIEWS = YES;
				ENABLE_USER_SELECTED_FILES = readonly;
				GENERATE_INFOPLIST_FILE = YES;
				"INFOPLIST_KEY_UIApplicationSceneManifest_Generation[sdk=iphoneos*]" = YES;
				"INFOPLIST_KEY_UIApplicationSceneManifest_Generation[sdk=iphonesimulator*]" = YES;
				"INFOPLIST_KEY_UIApplicationSupportsIndirectInputEvents[sdk=iphoneos*]" = YES;
				"INFOPLIST_KEY_UIApplicationSupportsIndirectInputEvents[sdk=iphonesimulator*]" = YES;
				"INFOPLIST_KEY_UILaunchScreen_Generation[sdk=iphoneos*]" = YES;
				"INFOPLIST_KEY_UILaunchScreen_Generation[sdk=iphonesimulator*]" = YES;
				INFOPLIST_KEY_NSCameraUsageDescription = "Duo の内側カメラの領域を検証するために使います";
				"INFOPLIST_KEY_UIStatusBarStyle[sdk=iphoneos*]" = UIStatusBarStyleDefault;
				"INFOPLIST_KEY_UIStatusBarStyle[sdk=iphonesimulator*]" = UIStatusBarStyleDefault;
				INFOPLIST_KEY_UISupportedInterfaceOrientations_iPad = "UIInterfaceOrientationPortrait UIInterfaceOrientationPortraitUpsideDown UIInterfaceOrientationLandscapeLeft UIInterfaceOrientationLandscapeRight";
				INFOPLIST_KEY_UISupportedInterfaceOrientations_iPhone = "UIInterfaceOrientationPortrait UIInterfaceOrientationLandscapeLeft UIInterfaceOrientationLandscapeRight";
				IPHONEOS_DEPLOYMENT_TARGET = 27.1;
				LD_RUNPATH_SEARCH_PATHS = "@executable_path/Frameworks";
				"LD_RUNPATH_SEARCH_PATHS[sdk=macosx*]" = "@executable_path/../Frameworks";
				MACOSX_DEPLOYMENT_TARGET = 26.7;
				MARKETING_VERSION = 1.0;
				PRODUCT_BUNDLE_IDENTIFIER = com.kusumotoa.iPhoneDuoLab;
				PRODUCT_NAME = "$(TARGET_NAME)";
				REGISTER_APP_GROUPS = YES;
				SDKROOT = auto;
				STRING_CATALOG_GENERATE_SYMBOLS = YES;
				SUPPORTED_PLATFORMS = "iphoneos iphonesimulator";
				SWIFT_APPROACHABLE_CONCURRENCY = YES;
				SWIFT_DEFAULT_ACTOR_ISOLATION = MainActor;
				SWIFT_EMIT_LOC_STRINGS = YES;
				SWIFT_UPCOMING_FEATURE_MEMBER_IMPORT_VISIBILITY = YES;
				SWIFT_VERSION = 5.0;
				TARGETED_DEVICE_FAMILY = "1,2,7";
				XROS_DEPLOYMENT_TARGET = 27.0;
			};
			name = Release;
		};
		5B224026305EA73B00909934 /* Debug configuration for PBXNativeTarget "iPhoneDuoLabTests" */ = {
			isa = XCBuildConfiguration;
			buildSettings = {
				BUNDLE_LOADER = "$(TEST_HOST)";
				CODE_SIGN_STYLE = Automatic;
				CURRENT_PROJECT_VERSION = 1;
				GENERATE_INFOPLIST_FILE = YES;
				IPHONEOS_DEPLOYMENT_TARGET = 27.1;
				MACOSX_DEPLOYMENT_TARGET = 26.7;
				MARKETING_VERSION = 1.0;
				PRODUCT_BUNDLE_IDENTIFIER = com.kusumotoa.iPhoneDuoLabTests;
				PRODUCT_NAME = "$(TARGET_NAME)";
				SDKROOT = auto;
				STRING_CATALOG_GENERATE_SYMBOLS = NO;
				SUPPORTED_PLATFORMS = "iphoneos iphonesimulator";
				SWIFT_APPROACHABLE_CONCURRENCY = YES;
				SWIFT_EMIT_LOC_STRINGS = NO;
				SWIFT_UPCOMING_FEATURE_MEMBER_IMPORT_VISIBILITY = YES;
				SWIFT_VERSION = 5.0;
				TARGETED_DEVICE_FAMILY = "1,2,7";
				TEST_HOST = "$(BUILT_PRODUCTS_DIR)/iPhoneDuoLab.app/$(BUNDLE_EXECUTABLE_FOLDER_PATH)/iPhoneDuoLab";
				XROS_DEPLOYMENT_TARGET = 27.0;
			};
			name = Debug;
		};
		5B224027305EA73B00909934 /* Release configuration for PBXNativeTarget "iPhoneDuoLabTests" */ = {
			isa = XCBuildConfiguration;
			buildSettings = {
				BUNDLE_LOADER = "$(TEST_HOST)";
				CODE_SIGN_STYLE = Automatic;
				CURRENT_PROJECT_VERSION = 1;
				GENERATE_INFOPLIST_FILE = YES;
				IPHONEOS_DEPLOYMENT_TARGET = 27.1;
				MACOSX_DEPLOYMENT_TARGET = 26.7;
				MARKETING_VERSION = 1.0;
				PRODUCT_BUNDLE_IDENTIFIER = com.kusumotoa.iPhoneDuoLabTests;
				PRODUCT_NAME = "$(TARGET_NAME)";
				SDKROOT = auto;
				STRING_CATALOG_GENERATE_SYMBOLS = NO;
				SUPPORTED_PLATFORMS = "iphoneos iphonesimulator";
				SWIFT_APPROACHABLE_CONCURRENCY = YES;
				SWIFT_EMIT_LOC_STRINGS = NO;
				SWIFT_UPCOMING_FEATURE_MEMBER_IMPORT_VISIBILITY = YES;
				SWIFT_VERSION = 5.0;
				TARGETED_DEVICE_FAMILY = "1,2,7";
				TEST_HOST = "$(BUILT_PRODUCTS_DIR)/iPhoneDuoLab.app/$(BUNDLE_EXECUTABLE_FOLDER_PATH)/iPhoneDuoLab";
				XROS_DEPLOYMENT_TARGET = 27.0;
			};
			name = Release;
		};
		5B224029305EA73B00909934 /* Debug configuration for PBXNativeTarget "iPhoneDuoLabUITests" */ = {
			isa = XCBuildConfiguration;
			buildSettings = {
				CODE_SIGN_STYLE = Automatic;
				CURRENT_PROJECT_VERSION = 1;
				GENERATE_INFOPLIST_FILE = YES;
				IPHONEOS_DEPLOYMENT_TARGET = 27.1;
				MACOSX_DEPLOYMENT_TARGET = 26.7;
				MARKETING_VERSION = 1.0;
				PRODUCT_BUNDLE_IDENTIFIER = com.kusumotoa.iPhoneDuoLabUITests;
				PRODUCT_NAME = "$(TARGET_NAME)";
				SDKROOT = auto;
				STRING_CATALOG_GENERATE_SYMBOLS = NO;
				SUPPORTED_PLATFORMS = "iphoneos iphonesimulator";
				SWIFT_APPROACHABLE_CONCURRENCY = YES;
				SWIFT_EMIT_LOC_STRINGS = NO;
				SWIFT_UPCOMING_FEATURE_MEMBER_IMPORT_VISIBILITY = YES;
				SWIFT_VERSION = 5.0;
				TARGETED_DEVICE_FAMILY = "1,2,7";
				TEST_TARGET_NAME = iPhoneDuoLab;
				XROS_DEPLOYMENT_TARGET = 27.0;
			};
			name = Debug;
		};
		5B22402A305EA73B00909934 /* Release configuration for PBXNativeTarget "iPhoneDuoLabUITests" */ = {
			isa = XCBuildConfiguration;
			buildSettings = {
				CODE_SIGN_STYLE = Automatic;
				CURRENT_PROJECT_VERSION = 1;
				GENERATE_INFOPLIST_FILE = YES;
				IPHONEOS_DEPLOYMENT_TARGET = 27.1;
				MACOSX_DEPLOYMENT_TARGET = 26.7;
				MARKETING_VERSION = 1.0;
				PRODUCT_BUNDLE_IDENTIFIER = com.kusumotoa.iPhoneDuoLabUITests;
				PRODUCT_NAME = "$(TARGET_NAME)";
				SDKROOT = auto;
				STRING_CATALOG_GENERATE_SYMBOLS = NO;
				SUPPORTED_PLATFORMS = "iphoneos iphonesimulator";
				SWIFT_APPROACHABLE_CONCURRENCY = YES;
				SWIFT_EMIT_LOC_STRINGS = NO;
				SWIFT_UPCOMING_FEATURE_MEMBER_IMPORT_VISIBILITY = YES;
				SWIFT_VERSION = 5.0;
				TARGETED_DEVICE_FAMILY = "1,2,7";
				TEST_TARGET_NAME = iPhoneDuoLab;
				XROS_DEPLOYMENT_TARGET = 27.0;
			};
			name = Release;
		};
/* End XCBuildConfiguration section */

/* Begin XCConfigurationList section */
		5B223FFE305EA73A00909934 /* Build configuration list for PBXProject "iPhoneDuoLab" */ = {
			isa = XCConfigurationList;
			buildConfigurations = (
				5B224020305EA73B00909934 /* Debug configuration for PBXProject "iPhoneDuoLab" */,
				5B224021305EA73B00909934 /* Release configuration for PBXProject "iPhoneDuoLab" */,
			);
			defaultConfigurationName = Release;
		};
		5B224022305EA73B00909934 /* Build configuration list for PBXNativeTarget "iPhoneDuoLab" */ = {
			isa = XCConfigurationList;
			buildConfigurations = (
				5B224023305EA73B00909934 /* Debug configuration for PBXNativeTarget "iPhoneDuoLab" */,
				5B224024305EA73B00909934 /* Release configuration for PBXNativeTarget "iPhoneDuoLab" */,
			);
			defaultConfigurationName = Release;
		};
		5B224025305EA73B00909934 /* Build configuration list for PBXNativeTarget "iPhoneDuoLabTests" */ = {
			isa = XCConfigurationList;
			buildConfigurations = (
				5B224026305EA73B00909934 /* Debug configuration for PBXNativeTarget "iPhoneDuoLabTests" */,
				5B224027305EA73B00909934 /* Release configuration for PBXNativeTarget "iPhoneDuoLabTests" */,
			);
			defaultConfigurationName = Release;
		};
		5B224028305EA73B00909934 /* Build configuration list for PBXNativeTarget "iPhoneDuoLabUITests" */ = {
			isa = XCConfigurationList;
			buildConfigurations = (
				5B224029305EA73B00909934 /* Debug configuration for PBXNativeTarget "iPhoneDuoLabUITests" */,
				5B22402A305EA73B00909934 /* Release configuration for PBXNativeTarget "iPhoneDuoLabUITests" */,
			);
			defaultConfigurationName = Release;
		};
/* End XCConfigurationList section */
	};
	rootObject = 5B223FFB305EA73A00909934 /* Project object */;
	validationLevel = 1;
}
